
Microsoft Visual Studio Solution File, Format Version 12.00
# Visual Studio Version 17
VisualStudioVersion = 17.0.31919.166
MinimumVisualStudioVersion = 10.0.40219.1
Project("{FAE04EC0-301F-11D3-BF4B-00C04F79EFBC}") = "LeaveManagement.web", "LeaveManagement.web.csproj", "{86279816-CDB3-4D4D-91D6-4757ADC7BB81}"
EndProject
Global
	GlobalSection(SolutionConfigurationPlatforms) = preSolution
		Debug|Any CPU = Debug|Any CPU
		Release|Any CPU = Release|Any CPU
	EndGlobalSection
	GlobalSection(ProjectConfigurationPlatforms) = postSolution
		{86279816-CDB3-4D4D-91D6-4757ADC7BB81}.Debug|Any CPU.ActiveCfg = Debug|Any CPU
		{86279816-CDB3-4D4D-91D6-4757ADC7BB81}.Debug|Any CPU.Build.0 = Debug|Any CPU
		{86279816-CDB3-4D4D-91D6-4757ADC7BB81}.Release|Any CPU.ActiveCfg = Release|Any CPU
		{86279816-CDB3-4D4D-91D6-4757ADC7BB81}.Release|Any CPU.Build.0 = Release|Any CPU
	EndGlobalSection
	GlobalSection(SolutionProperties) = preSolution
		HideSolutionNode = FALSE
	EndGlobalSection
	GlobalSection(ExtensibilityGlobals) = postSolution
		SolutionGuid = {06658BC2-934A-4582-B453-6D0E6B0769D1}
	EndGlobalSection
EndGlobal
